
Microsoft Visual Studio Solution File, Format Version 10.00
# Visual Studio 2008
Project("{8BC9CEB8-8B4A-11D0-8D11-00A0C91BC942}") = "base", "dependency\base\base.vcproj", "{913F9EE5-88AF-4DB7-807D-323F3ABBE731}"
EndProject
Project("{8BC9CEB8-8B4A-11D0-8D11-00A0C91BC942}") = "skia", "dependency\third_party\skia\skia.vcproj", "{B2E49E1C-C064-4A17-A63A-8B567A51DE34}"
EndProject
Project("{8BC9CEB8-8B4A-11D0-8D11-00A0C91BC942}") = "uibase", "uibase\uibase.vcproj", "{BE99B0F0-F4C1-4784-A7A1-A7E9B7BC393C}"
EndProject
Project("{8BC9CEB8-8B4A-11D0-8D11-00A0C91BC942}") = "gfx", "gfx\gfx.vcproj", "{24C4D36E-FD2D-4D05-ABC0-D2F6CB1497C8}"
EndProject
Project("{8BC9CEB8-8B4A-11D0-8D11-00A0C91BC942}") = "message_center", "message_center\message_center.vcproj", "{B5BF40B5-92B8-4CC4-9263-4C94FF1E98D7}"
EndProject
Project("{8BC9CEB8-8B4A-11D0-8D11-00A0C91BC942}") = "views", "views\views.vcproj", "{D7679064-9EE9-4AF5-BD0F-3A963AA6C323}"
EndProject
Project("{8BC9CEB8-8B4A-11D0-8D11-00A0C91BC942}") = "skia_ext", "skia\skia_ext.vcproj", "{A3BA1C74-0AAC-457E-9369-85169C71056F}"
EndProject
Project("{2150E333-8FDC-42A3-9474-1A3956D46DE8}") = "examples", "examples", "{A1156FA0-41D3-4585-8EC6-C695955D8BD4}"
EndProject
Project("{8BC9CEB8-8B4A-11D0-8D11-00A0C91BC942}") = "gl", "gl\gl.vcproj", "{328784B8-9C5C-4C4F-AB2F-E95D5608F01E}"
EndProject
Project("{8BC9CEB8-8B4A-11D0-8D11-00A0C91BC942}") = "compositor", "compositor\compositor.vcproj", "{FB1DA4B4-F987-49F0-9E75-9710596F6A87}"
EndProject
Project("{2150E333-8FDC-42A3-9474-1A3956D46DE8}") = "uilib", "uilib", "{5C313C28-A8E6-4980-8622-A01AA761FF8D}"
EndProject
Project("{2150E333-8FDC-42A3-9474-1A3956D46DE8}") = "third_party", "third_party", "{6CD0946B-73E0-4E53-8F5E-42F9D1CD19B7}"
EndProject
Project("{8BC9CEB8-8B4A-11D0-8D11-00A0C91BC942}") = "libjpeg", "dependency\third_party\libjpeg\libjpeg.vcproj", "{46F0B215-DF43-4537-9353-E046CC84C043}"
EndProject
Project("{8BC9CEB8-8B4A-11D0-8D11-00A0C91BC942}") = "net", "dependency\net\net.vcproj", "{63C55894-B593-46E5-A257-F870CF0F8DC5}"
EndProject
Project("{8BC9CEB8-8B4A-11D0-8D11-00A0C91BC942}") = "libpng", "dependency\third_party\libpng\libpng.vcproj", "{5CEAFA65-328F-454C-90B9-1E322B233061}"
EndProject
Project("{8BC9CEB8-8B4A-11D0-8D11-00A0C91BC942}") = "zlib", "dependency\third_party\zlib\zlib.vcproj", "{BB09A9D6-ACC8-40F5-90D4-6F9F26379EE0}"
EndProject
Project("{8BC9CEB8-8B4A-11D0-8D11-00A0C91BC942}") = "basetest", "examples\basetest\basetest.vcproj", "{7E9F66CF-FF13-4455-A17C-8DD0738356E0}"
EndProject
Project("{8BC9CEB8-8B4A-11D0-8D11-00A0C91BC942}") = "uidemos", "examples\uidemos\uidemos.vcproj", "{38823425-C8A3-4422-91C5-08428C824D9D}"
EndProject
Project("{2150E333-8FDC-42A3-9474-1A3956D46DE8}") = "skin", "skin", "{98D44E5C-F746-4B38-B276-094822D9B53F}"
EndProject
Project("{2150E333-8FDC-42A3-9474-1A3956D46DE8}") = "languages", "languages", "{DFEFE796-E5B9-48AF-8B71-3EB0FCB0E2CB}"
EndProject
Project("{8BC9CEB8-8B4A-11D0-8D11-00A0C91BC942}") = "en_us", "languages\en_us\en_us.vcproj", "{919233CD-78F7-4B3D-9FC6-01582C803152}"
EndProject
Project("{8BC9CEB8-8B4A-11D0-8D11-00A0C91BC942}") = "default_skin", "skin\default_skin\default_skin.vcproj", "{91E2050C-61BD-4102-AE38-5D0119C27622}"
EndProject
Project("{8BC9CEB8-8B4A-11D0-8D11-00A0C91BC942}") = "googleurl", "dependency\third_party\googleurl\googleurl.vcproj", "{287390DC-27AB-4432-BC5C-7F330123F714}"
EndProject
Global
	GlobalSection(SolutionConfigurationPlatforms) = preSolution
		Debug|Win32 = Debug|Win32
		Release|Win32 = Release|Win32
	EndGlobalSection
	GlobalSection(ProjectConfigurationPlatforms) = postSolution
		{913F9EE5-88AF-4DB7-807D-323F3ABBE731}.Debug|Win32.ActiveCfg = Debug|Win32
		{913F9EE5-88AF-4DB7-807D-323F3ABBE731}.Debug|Win32.Build.0 = Debug|Win32
		{913F9EE5-88AF-4DB7-807D-323F3ABBE731}.Release|Win32.ActiveCfg = Release|Win32
		{913F9EE5-88AF-4DB7-807D-323F3ABBE731}.Release|Win32.Build.0 = Release|Win32
		{B2E49E1C-C064-4A17-A63A-8B567A51DE34}.Debug|Win32.ActiveCfg = Debug|Win32
		{B2E49E1C-C064-4A17-A63A-8B567A51DE34}.Debug|Win32.Build.0 = Debug|Win32
		{B2E49E1C-C064-4A17-A63A-8B567A51DE34}.Release|Win32.ActiveCfg = Release|Win32
		{B2E49E1C-C064-4A17-A63A-8B567A51DE34}.Release|Win32.Build.0 = Release|Win32
		{BE99B0F0-F4C1-4784-A7A1-A7E9B7BC393C}.Debug|Win32.ActiveCfg = Debug|Win32
		{BE99B0F0-F4C1-4784-A7A1-A7E9B7BC393C}.Debug|Win32.Build.0 = Debug|Win32
		{BE99B0F0-F4C1-4784-A7A1-A7E9B7BC393C}.Release|Win32.ActiveCfg = Release|Win32
		{BE99B0F0-F4C1-4784-A7A1-A7E9B7BC393C}.Release|Win32.Build.0 = Release|Win32
		{24C4D36E-FD2D-4D05-ABC0-D2F6CB1497C8}.Debug|Win32.ActiveCfg = Debug|Win32
		{24C4D36E-FD2D-4D05-ABC0-D2F6CB1497C8}.Debug|Win32.Build.0 = Debug|Win32
		{24C4D36E-FD2D-4D05-ABC0-D2F6CB1497C8}.Release|Win32.ActiveCfg = Release|Win32
		{24C4D36E-FD2D-4D05-ABC0-D2F6CB1497C8}.Release|Win32.Build.0 = Release|Win32
		{B5BF40B5-92B8-4CC4-9263-4C94FF1E98D7}.Debug|Win32.ActiveCfg = Debug|Win32
		{B5BF40B5-92B8-4CC4-9263-4C94FF1E98D7}.Debug|Win32.Build.0 = Debug|Win32
		{B5BF40B5-92B8-4CC4-9263-4C94FF1E98D7}.Release|Win32.ActiveCfg = Release|Win32
		{B5BF40B5-92B8-4CC4-9263-4C94FF1E98D7}.Release|Win32.Build.0 = Release|Win32
		{D7679064-9EE9-4AF5-BD0F-3A963AA6C323}.Debug|Win32.ActiveCfg = Debug|Win32
		{D7679064-9EE9-4AF5-BD0F-3A963AA6C323}.Debug|Win32.Build.0 = Debug|Win32
		{D7679064-9EE9-4AF5-BD0F-3A963AA6C323}.Release|Win32.ActiveCfg = Release|Win32
		{D7679064-9EE9-4AF5-BD0F-3A963AA6C323}.Release|Win32.Build.0 = Release|Win32
		{A3BA1C74-0AAC-457E-9369-85169C71056F}.Debug|Win32.ActiveCfg = Debug|Win32
		{A3BA1C74-0AAC-457E-9369-85169C71056F}.Debug|Win32.Build.0 = Debug|Win32
		{A3BA1C74-0AAC-457E-9369-85169C71056F}.Release|Win32.ActiveCfg = Release|Win32
		{A3BA1C74-0AAC-457E-9369-85169C71056F}.Release|Win32.Build.0 = Release|Win32
		{328784B8-9C5C-4C4F-AB2F-E95D5608F01E}.Debug|Win32.ActiveCfg = Debug|Win32
		{328784B8-9C5C-4C4F-AB2F-E95D5608F01E}.Debug|Win32.Build.0 = Debug|Win32
		{328784B8-9C5C-4C4F-AB2F-E95D5608F01E}.Release|Win32.ActiveCfg = Release|Win32
		{328784B8-9C5C-4C4F-AB2F-E95D5608F01E}.Release|Win32.Build.0 = Release|Win32
		{FB1DA4B4-F987-49F0-9E75-9710596F6A87}.Debug|Win32.ActiveCfg = Debug|Win32
		{FB1DA4B4-F987-49F0-9E75-9710596F6A87}.Debug|Win32.Build.0 = Debug|Win32
		{FB1DA4B4-F987-49F0-9E75-9710596F6A87}.Release|Win32.ActiveCfg = Release|Win32
		{FB1DA4B4-F987-49F0-9E75-9710596F6A87}.Release|Win32.Build.0 = Release|Win32
		{46F0B215-DF43-4537-9353-E046CC84C043}.Debug|Win32.ActiveCfg = Debug|Win32
		{46F0B215-DF43-4537-9353-E046CC84C043}.Debug|Win32.Build.0 = Debug|Win32
		{46F0B215-DF43-4537-9353-E046CC84C043}.Release|Win32.ActiveCfg = Release|Win32
		{46F0B215-DF43-4537-9353-E046CC84C043}.Release|Win32.Build.0 = Release|Win32
		{63C55894-B593-46E5-A257-F870CF0F8DC5}.Debug|Win32.ActiveCfg = Debug|Win32
		{63C55894-B593-46E5-A257-F870CF0F8DC5}.Debug|Win32.Build.0 = Debug|Win32
		{63C55894-B593-46E5-A257-F870CF0F8DC5}.Release|Win32.ActiveCfg = Release|Win32
		{63C55894-B593-46E5-A257-F870CF0F8DC5}.Release|Win32.Build.0 = Release|Win32
		{5CEAFA65-328F-454C-90B9-1E322B233061}.Debug|Win32.ActiveCfg = Debug|Win32
		{5CEAFA65-328F-454C-90B9-1E322B233061}.Debug|Win32.Build.0 = Debug|Win32
		{5CEAFA65-328F-454C-90B9-1E322B233061}.Release|Win32.ActiveCfg = Release|Win32
		{5CEAFA65-328F-454C-90B9-1E322B233061}.Release|Win32.Build.0 = Release|Win32
		{BB09A9D6-ACC8-40F5-90D4-6F9F26379EE0}.Debug|Win32.ActiveCfg = Debug|Win32
		{BB09A9D6-ACC8-40F5-90D4-6F9F26379EE0}.Debug|Win32.Build.0 = Debug|Win32
		{BB09A9D6-ACC8-40F5-90D4-6F9F26379EE0}.Release|Win32.ActiveCfg = Release|Win32
		{BB09A9D6-ACC8-40F5-90D4-6F9F26379EE0}.Release|Win32.Build.0 = Release|Win32
		{7E9F66CF-FF13-4455-A17C-8DD0738356E0}.Debug|Win32.ActiveCfg = Debug|Win32
		{7E9F66CF-FF13-4455-A17C-8DD0738356E0}.Debug|Win32.Build.0 = Debug|Win32
		{7E9F66CF-FF13-4455-A17C-8DD0738356E0}.Release|Win32.ActiveCfg = Release|Win32
		{7E9F66CF-FF13-4455-A17C-8DD0738356E0}.Release|Win32.Build.0 = Release|Win32
		{38823425-C8A3-4422-91C5-08428C824D9D}.Debug|Win32.ActiveCfg = Debug|Win32
		{38823425-C8A3-4422-91C5-08428C824D9D}.Debug|Win32.Build.0 = Debug|Win32
		{38823425-C8A3-4422-91C5-08428C824D9D}.Release|Win32.ActiveCfg = Release|Win32
		{38823425-C8A3-4422-91C5-08428C824D9D}.Release|Win32.Build.0 = Release|Win32
		{919233CD-78F7-4B3D-9FC6-01582C803152}.Debug|Win32.ActiveCfg = Debug|Win32
		{919233CD-78F7-4B3D-9FC6-01582C803152}.Debug|Win32.Build.0 = Debug|Win32
		{919233CD-78F7-4B3D-9FC6-01582C803152}.Release|Win32.ActiveCfg = Release|Win32
		{919233CD-78F7-4B3D-9FC6-01582C803152}.Release|Win32.Build.0 = Release|Win32
		{91E2050C-61BD-4102-AE38-5D0119C27622}.Debug|Win32.ActiveCfg = Debug|Win32
		{91E2050C-61BD-4102-AE38-5D0119C27622}.Debug|Win32.Build.0 = Debug|Win32
		{91E2050C-61BD-4102-AE38-5D0119C27622}.Release|Win32.ActiveCfg = Release|Win32
		{91E2050C-61BD-4102-AE38-5D0119C27622}.Release|Win32.Build.0 = Release|Win32
		{287390DC-27AB-4432-BC5C-7F330123F714}.Debug|Win32.ActiveCfg = Debug|Win32
		{287390DC-27AB-4432-BC5C-7F330123F714}.Debug|Win32.Build.0 = Debug|Win32
		{287390DC-27AB-4432-BC5C-7F330123F714}.Release|Win32.ActiveCfg = Release|Win32
		{287390DC-27AB-4432-BC5C-7F330123F714}.Release|Win32.Build.0 = Release|Win32
	EndGlobalSection
	GlobalSection(SolutionProperties) = preSolution
		HideSolutionNode = FALSE
	EndGlobalSection
	GlobalSection(NestedProjects) = preSolution
		{B2E49E1C-C064-4A17-A63A-8B567A51DE34} = {6CD0946B-73E0-4E53-8F5E-42F9D1CD19B7}
		{46F0B215-DF43-4537-9353-E046CC84C043} = {6CD0946B-73E0-4E53-8F5E-42F9D1CD19B7}
		{5CEAFA65-328F-454C-90B9-1E322B233061} = {6CD0946B-73E0-4E53-8F5E-42F9D1CD19B7}
		{BB09A9D6-ACC8-40F5-90D4-6F9F26379EE0} = {6CD0946B-73E0-4E53-8F5E-42F9D1CD19B7}
		{287390DC-27AB-4432-BC5C-7F330123F714} = {6CD0946B-73E0-4E53-8F5E-42F9D1CD19B7}
		{24C4D36E-FD2D-4D05-ABC0-D2F6CB1497C8} = {5C313C28-A8E6-4980-8622-A01AA761FF8D}
		{B5BF40B5-92B8-4CC4-9263-4C94FF1E98D7} = {5C313C28-A8E6-4980-8622-A01AA761FF8D}
		{D7679064-9EE9-4AF5-BD0F-3A963AA6C323} = {5C313C28-A8E6-4980-8622-A01AA761FF8D}
		{A3BA1C74-0AAC-457E-9369-85169C71056F} = {5C313C28-A8E6-4980-8622-A01AA761FF8D}
		{328784B8-9C5C-4C4F-AB2F-E95D5608F01E} = {5C313C28-A8E6-4980-8622-A01AA761FF8D}
		{FB1DA4B4-F987-49F0-9E75-9710596F6A87} = {5C313C28-A8E6-4980-8622-A01AA761FF8D}
		{BE99B0F0-F4C1-4784-A7A1-A7E9B7BC393C} = {5C313C28-A8E6-4980-8622-A01AA761FF8D}
		{7E9F66CF-FF13-4455-A17C-8DD0738356E0} = {A1156FA0-41D3-4585-8EC6-C695955D8BD4}
		{38823425-C8A3-4422-91C5-08428C824D9D} = {A1156FA0-41D3-4585-8EC6-C695955D8BD4}
		{91E2050C-61BD-4102-AE38-5D0119C27622} = {98D44E5C-F746-4B38-B276-094822D9B53F}
		{919233CD-78F7-4B3D-9FC6-01582C803152} = {DFEFE796-E5B9-48AF-8B71-3EB0FCB0E2CB}
	EndGlobalSection
EndGlobal
